
Microsoft Visual Studio Solution File, Format Version 12.00
# Visual Studio Version 17
VisualStudioVersion = 17.3.32929.385
MinimumVisualStudioVersion = 10.0.40219.1
Project("{FAE04EC0-301F-11D3-BF4B-00C04F79EFBC}") = "E-Commerce", "E-Commerce\E-Commerce.csproj", "{355FAD67-68B7-4B96-BF0F-F2A2FDD7F1FC}"
EndProject
Global
	GlobalSection(SolutionConfigurationPlatforms) = preSolution
		Debug|Any CPU = Debug|Any CPU
		Release|Any CPU = Release|Any CPU
	EndGlobalSection
	GlobalSection(ProjectConfigurationPlatforms) = postSolution
		{355FAD67-68B7-4B96-BF0F-F2A2FDD7F1FC}.Debug|Any CPU.ActiveCfg = Debug|Any CPU
		{355FAD67-68B7-4B96-BF0F-F2A2FDD7F1FC}.Debug|Any CPU.Build.0 = Debug|Any CPU
		{355FAD67-68B7-4B96-BF0F-F2A2FDD7F1FC}.Release|Any CPU.ActiveCfg = Release|Any CPU
		{355FAD67-68B7-4B96-BF0F-F2A2FDD7F1FC}.Release|Any CPU.Build.0 = Release|Any CPU
	EndGlobalSection
	GlobalSection(SolutionProperties) = preSolution
		HideSolutionNode = FALSE
	EndGlobalSection
	GlobalSection(ExtensibilityGlobals) = postSolution
		SolutionGuid = {7CE219C0-C7AF-4A1C-A65D-B44191EF8C01}
	EndGlobalSection
EndGlobal
